
Microsoft Visual Studio Solution File, Format Version 12.00
# Visual Studio 14
VisualStudioVersion = 14.0.25123.0
MinimumVisualStudioVersion = 10.0.40219.1
Project("{FAE04EC0-301F-11D3-BF4B-00C04F79EFBC}") = "ParamsExp", "ParamsExp\ParamsExp.csproj", "{F5FE8A4C-80D4-4B69-8419-CCB976A5E378}"
EndProject
Project("{FAE04EC0-301F-11D3-BF4B-00C04F79EFBC}") = "ParamsExpForm", "ParamsExpForm\ParamsExpForm.csproj", "{6489A36A-F760-4866-A72E-4E18758678E7}"
EndProject
Project("{FAE04EC0-301F-11D3-BF4B-00C04F79EFBC}") = "EnumExp", "EnumExp\EnumExp.csproj", "{C996FE19-A442-4B9B-9F7D-B546CC717AB7}"
EndProject
Project("{FAE04EC0-301F-11D3-BF4B-00C04F79EFBC}") = "EnumExpForm", "EnumExpForm\EnumExpForm.csproj", "{B07F999F-63E9-4B95-896A-C7C221E6CBD0}"
EndProject
Project("{2150E333-8FDC-42A3-9474-1A3956D46DE8}") = "Params", "Params", "{EFD4DFC3-7A69-4194-88DE-C4234F11750A}"
EndProject
Project("{2150E333-8FDC-42A3-9474-1A3956D46DE8}") = "Enums", "Enums", "{574E85FC-E9B8-4C73-A978-85FA720677BD}"
EndProject
Project("{2150E333-8FDC-42A3-9474-1A3956D46DE8}") = "HashTables", "HashTables", "{D319857A-FBB0-4F13-B444-80222811965E}"
EndProject
Project("{FAE04EC0-301F-11D3-BF4B-00C04F79EFBC}") = "HashTableExpForm", "HashTableExpForm\HashTableExpForm.csproj", "{CD2297F7-DC66-434E-B81D-81C7D5478936}"
EndProject
Project("{2150E333-8FDC-42A3-9474-1A3956D46DE8}") = "StackQueue", "StackQueue", "{AD7C98DF-D6DF-438E-A2E1-236388A30DE2}"
	ProjectSection(SolutionItems) = preProject
		StackQueue\TextFile1.txt = StackQueue\TextFile1.txt
	EndProjectSection
EndProject
Project("{FAE04EC0-301F-11D3-BF4B-00C04F79EFBC}") = "Stack", "StackQueue\Stack.csproj", "{53BB917F-78B6-4109-8E0B-256D9327AD34}"
EndProject
Project("{FAE04EC0-301F-11D3-BF4B-00C04F79EFBC}") = "Queue", "Queue\Queue.csproj", "{846469D1-9430-4765-A710-4F89957D675C}"
EndProject
Project("{2150E333-8FDC-42A3-9474-1A3956D46DE8}") = "Reflection", "Reflection", "{273B3870-51F0-4EDD-B0E4-19B76E3866E2}"
EndProject
Project("{FAE04EC0-301F-11D3-BF4B-00C04F79EFBC}") = "ReflectionExp", "ReflectionExp\ReflectionExp.csproj", "{6B62045D-1A4C-4C29-95BE-80F8F759698D}"
EndProject
Project("{2150E333-8FDC-42A3-9474-1A3956D46DE8}") = "ClassStructure", "ClassStructure", "{BE09CD74-6511-400F-AA5F-67D222723528}"
EndProject
Project("{FAE04EC0-301F-11D3-BF4B-00C04F79EFBC}") = "ClassExpForm", "ClassExpForm\ClassExpForm.csproj", "{81178943-971F-4B4E-8935-4CD8237A2448}"
EndProject
Project("{2150E333-8FDC-42A3-9474-1A3956D46DE8}") = "VirtualClass", "VirtualClass", "{00237485-5B0D-4164-975E-EC591B33D6F3}"
EndProject
Project("{FAE04EC0-301F-11D3-BF4B-00C04F79EFBC}") = "VirtualClassExp", "VirtualClassExp\VirtualClassExp.csproj", "{3C345757-6901-42BC-BCC4-085F010A087E}"
EndProject
Project("{2150E333-8FDC-42A3-9474-1A3956D46DE8}") = "Activator", "Activator", "{7BF94963-3059-4EF7-817A-B2F0A4B97D07}"
EndProject
Project("{FAE04EC0-301F-11D3-BF4B-00C04F79EFBC}") = "ActivatorDynamicInstance", "ActivatorDynamicInstance\ActivatorDynamicInstance.csproj", "{7F1B9EBF-A23A-48A3-8ED6-2A89EE24ACA5}"
EndProject
Project("{2150E333-8FDC-42A3-9474-1A3956D46DE8}") = "Inheritance", "Inheritance", "{6EFC1703-A446-4FB1-B1BB-545687AD7A73}"
EndProject
Project("{FAE04EC0-301F-11D3-BF4B-00C04F79EFBC}") = "InheritanceExp", "InheritanceExp\InheritanceExp.csproj", "{AD2F8D4E-097A-48A0-B38F-4C2A950353EB}"
EndProject
Project("{2150E333-8FDC-42A3-9474-1A3956D46DE8}") = "BoxUnbox", "BoxUnbox", "{B4950305-C4A7-44A7-8645-BB49FFB0AD7C}"
EndProject
Project("{FAE04EC0-301F-11D3-BF4B-00C04F79EFBC}") = "BoxUnbox", "BoxUnbox\BoxUnbox.csproj", "{7CFD9923-6371-45A2-B1D3-F011BE1F8548}"
EndProject
Global
	GlobalSection(SolutionConfigurationPlatforms) = preSolution
		Debug|Any CPU = Debug|Any CPU
		Release|Any CPU = Release|Any CPU
	EndGlobalSection
	GlobalSection(ProjectConfigurationPlatforms) = postSolution
		{F5FE8A4C-80D4-4B69-8419-CCB976A5E378}.Debug|Any CPU.ActiveCfg = Debug|Any CPU
		{F5FE8A4C-80D4-4B69-8419-CCB976A5E378}.Debug|Any CPU.Build.0 = Debug|Any CPU
		{F5FE8A4C-80D4-4B69-8419-CCB976A5E378}.Release|Any CPU.ActiveCfg = Release|Any CPU
		{F5FE8A4C-80D4-4B69-8419-CCB976A5E378}.Release|Any CPU.Build.0 = Release|Any CPU
		{6489A36A-F760-4866-A72E-4E18758678E7}.Debug|Any CPU.ActiveCfg = Debug|Any CPU
		{6489A36A-F760-4866-A72E-4E18758678E7}.Debug|Any CPU.Build.0 = Debug|Any CPU
		{6489A36A-F760-4866-A72E-4E18758678E7}.Release|Any CPU.ActiveCfg = Release|Any CPU
		{6489A36A-F760-4866-A72E-4E18758678E7}.Release|Any CPU.Build.0 = Release|Any CPU
		{C996FE19-A442-4B9B-9F7D-B546CC717AB7}.Debug|Any CPU.ActiveCfg = Debug|Any CPU
		{C996FE19-A442-4B9B-9F7D-B546CC717AB7}.Debug|Any CPU.Build.0 = Debug|Any CPU
		{C996FE19-A442-4B9B-9F7D-B546CC717AB7}.Release|Any CPU.ActiveCfg = Release|Any CPU
		{C996FE19-A442-4B9B-9F7D-B546CC717AB7}.Release|Any CPU.Build.0 = Release|Any CPU
		{B07F999F-63E9-4B95-896A-C7C221E6CBD0}.Debug|Any CPU.ActiveCfg = Debug|Any CPU
		{B07F999F-63E9-4B95-896A-C7C221E6CBD0}.Debug|Any CPU.Build.0 = Debug|Any CPU
		{B07F999F-63E9-4B95-896A-C7C221E6CBD0}.Release|Any CPU.ActiveCfg = Release|Any CPU
		{B07F999F-63E9-4B95-896A-C7C221E6CBD0}.Release|Any CPU.Build.0 = Release|Any CPU
		{CD2297F7-DC66-434E-B81D-81C7D5478936}.Debug|Any CPU.ActiveCfg = Debug|Any CPU
		{CD2297F7-DC66-434E-B81D-81C7D5478936}.Debug|Any CPU.Build.0 = Debug|Any CPU
		{CD2297F7-DC66-434E-B81D-81C7D5478936}.Release|Any CPU.ActiveCfg = Release|Any CPU
		{CD2297F7-DC66-434E-B81D-81C7D5478936}.Release|Any CPU.Build.0 = Release|Any CPU
		{53BB917F-78B6-4109-8E0B-256D9327AD34}.Debug|Any CPU.ActiveCfg = Debug|Any CPU
		{53BB917F-78B6-4109-8E0B-256D9327AD34}.Debug|Any CPU.Build.0 = Debug|Any CPU
		{53BB917F-78B6-4109-8E0B-256D9327AD34}.Release|Any CPU.ActiveCfg = Release|Any CPU
		{53BB917F-78B6-4109-8E0B-256D9327AD34}.Release|Any CPU.Build.0 = Release|Any CPU
		{846469D1-9430-4765-A710-4F89957D675C}.Debug|Any CPU.ActiveCfg = Debug|Any CPU
		{846469D1-9430-4765-A710-4F89957D675C}.Debug|Any CPU.Build.0 = Debug|Any CPU
		{846469D1-9430-4765-A710-4F89957D675C}.Release|Any CPU.ActiveCfg = Release|Any CPU
		{846469D1-9430-4765-A710-4F89957D675C}.Release|Any CPU.Build.0 = Release|Any CPU
		{6B62045D-1A4C-4C29-95BE-80F8F759698D}.Debug|Any CPU.ActiveCfg = Debug|Any CPU
		{6B62045D-1A4C-4C29-95BE-80F8F759698D}.Debug|Any CPU.Build.0 = Debug|Any CPU
		{6B62045D-1A4C-4C29-95BE-80F8F759698D}.Release|Any CPU.ActiveCfg = Release|Any CPU
		{6B62045D-1A4C-4C29-95BE-80F8F759698D}.Release|Any CPU.Build.0 = Release|Any CPU
		{81178943-971F-4B4E-8935-4CD8237A2448}.Debug|Any CPU.ActiveCfg = Debug|Any CPU
		{81178943-971F-4B4E-8935-4CD8237A2448}.Debug|Any CPU.Build.0 = Debug|Any CPU
		{81178943-971F-4B4E-8935-4CD8237A2448}.Release|Any CPU.ActiveCfg = Release|Any CPU
		{81178943-971F-4B4E-8935-4CD8237A2448}.Release|Any CPU.Build.0 = Release|Any CPU
		{3C345757-6901-42BC-BCC4-085F010A087E}.Debug|Any CPU.ActiveCfg = Debug|Any CPU
		{3C345757-6901-42BC-BCC4-085F010A087E}.Debug|Any CPU.Build.0 = Debug|Any CPU
		{3C345757-6901-42BC-BCC4-085F010A087E}.Release|Any CPU.ActiveCfg = Release|Any CPU
		{3C345757-6901-42BC-BCC4-085F010A087E}.Release|Any CPU.Build.0 = Release|Any CPU
		{7F1B9EBF-A23A-48A3-8ED6-2A89EE24ACA5}.Debug|Any CPU.ActiveCfg = Debug|Any CPU
		{7F1B9EBF-A23A-48A3-8ED6-2A89EE24ACA5}.Debug|Any CPU.Build.0 = Debug|Any CPU
		{7F1B9EBF-A23A-48A3-8ED6-2A89EE24ACA5}.Release|Any CPU.ActiveCfg = Release|Any CPU
		{7F1B9EBF-A23A-48A3-8ED6-2A89EE24ACA5}.Release|Any CPU.Build.0 = Release|Any CPU
		{AD2F8D4E-097A-48A0-B38F-4C2A950353EB}.Debug|Any CPU.ActiveCfg = Debug|Any CPU
		{AD2F8D4E-097A-48A0-B38F-4C2A950353EB}.Debug|Any CPU.Build.0 = Debug|Any CPU
		{AD2F8D4E-097A-48A0-B38F-4C2A950353EB}.Release|Any CPU.ActiveCfg = Release|Any CPU
		{AD2F8D4E-097A-48A0-B38F-4C2A950353EB}.Release|Any CPU.Build.0 = Release|Any CPU
		{7CFD9923-6371-45A2-B1D3-F011BE1F8548}.Debug|Any CPU.ActiveCfg = Debug|Any CPU
		{7CFD9923-6371-45A2-B1D3-F011BE1F8548}.Debug|Any CPU.Build.0 = Debug|Any CPU
		{7CFD9923-6371-45A2-B1D3-F011BE1F8548}.Release|Any CPU.ActiveCfg = Release|Any CPU
		{7CFD9923-6371-45A2-B1D3-F011BE1F8548}.Release|Any CPU.Build.0 = Release|Any CPU
	EndGlobalSection
	GlobalSection(SolutionProperties) = preSolution
		HideSolutionNode = FALSE
	EndGlobalSection
	GlobalSection(NestedProjects) = preSolution
		{F5FE8A4C-80D4-4B69-8419-CCB976A5E378} = {EFD4DFC3-7A69-4194-88DE-C4234F11750A}
		{6489A36A-F760-4866-A72E-4E18758678E7} = {EFD4DFC3-7A69-4194-88DE-C4234F11750A}
		{C996FE19-A442-4B9B-9F7D-B546CC717AB7} = {574E85FC-E9B8-4C73-A978-85FA720677BD}
		{B07F999F-63E9-4B95-896A-C7C221E6CBD0} = {574E85FC-E9B8-4C73-A978-85FA720677BD}
		{CD2297F7-DC66-434E-B81D-81C7D5478936} = {D319857A-FBB0-4F13-B444-80222811965E}
		{53BB917F-78B6-4109-8E0B-256D9327AD34} = {AD7C98DF-D6DF-438E-A2E1-236388A30DE2}
		{846469D1-9430-4765-A710-4F89957D675C} = {AD7C98DF-D6DF-438E-A2E1-236388A30DE2}
		{6B62045D-1A4C-4C29-95BE-80F8F759698D} = {273B3870-51F0-4EDD-B0E4-19B76E3866E2}
		{81178943-971F-4B4E-8935-4CD8237A2448} = {BE09CD74-6511-400F-AA5F-67D222723528}
		{3C345757-6901-42BC-BCC4-085F010A087E} = {00237485-5B0D-4164-975E-EC591B33D6F3}
		{7F1B9EBF-A23A-48A3-8ED6-2A89EE24ACA5} = {7BF94963-3059-4EF7-817A-B2F0A4B97D07}
		{AD2F8D4E-097A-48A0-B38F-4C2A950353EB} = {6EFC1703-A446-4FB1-B1BB-545687AD7A73}
		{7CFD9923-6371-45A2-B1D3-F011BE1F8548} = {B4950305-C4A7-44A7-8645-BB49FFB0AD7C}
	EndGlobalSection
EndGlobal
